Microsoft Visual Studio Solution File, Format Version 12.00
# Visual Studio Version 17
VisualStudioVersion = 17.0.31903.59
MinimumVisualStudioVersion = 10.0.40219.1
Project("{FAE04EC0-301F-11D3-BF4B-00C04F79EFBC}") = "RevAgent.Bridge", "src\RevAgent.Bridge\RevAgent.Bridge.csproj", "{67C2197D-5091-4DB7-8367-F9D820EAE7F4}"
EndProject
Project("{FAE04EC0-301F-11D3-BF4B-00C04F79EFBC}") = "RevAgent.Contracts", "src\RevAgent.Contracts\RevAgent.Contracts.csproj", "{A4F80577-7A5C-4BEF-BBED-0F6C1332D918}"
EndProject
Project("{FAE04EC0-301F-11D3-BF4B-00C04F79EFBC}") = "RevAgent.Contracts.Tests", "tests\RevAgent.Contracts.Tests\RevAgent.Contracts.Tests.csproj", "{5C3470EF-A605-46B2-92E9-927F168E7F38}"
EndProject
Project("{FAE04EC0-301F-11D3-BF4B-00C04F79EFBC}") = "RevAgent.Bridge.Bootstrap", "src\RevAgent.Bridge.Bootstrap\RevAgent.Bridge.Bootstrap.csproj", "{ED0B98D5-03ED-4031-9F75-5F002A964BB2}"
EndProject
Project("{FAE04EC0-301F-11D3-BF4B-00C04F79EFBC}") = "RevAgent.Bridge.Host", "src\RevAgent.Bridge.Host\RevAgent.Bridge.Host.csproj", "{9C5A3310-602F-405F-82E4-FC8F77DC587A}"
EndProject
Project("{FAE04EC0-301F-11D3-BF4B-00C04F79EFBC}") = "RevAgent.Bridge.Tests", "tests\RevAgent.Bridge.Tests\RevAgent.Bridge.Tests.csproj", "{400970A8-AEC3-4D82-9D3A-C2B6B15F2671}"
EndProject
Project("{FAE04EC0-301F-11D3-BF4B-00C04F79EFBC}") = "RevAgent.Bridge.PowerCutHarness", "tests\RevAgent.Bridge.PowerCutHarness\RevAgent.Bridge.PowerCutHarness.csproj", "{8C2DF0D1-F031-48EA-84FD-6A762FD625A9}"
EndProject
Project("{2150E333-8FDC-42A3-9474-1A3956D46DE8}") = "tests", "tests", "{56D93A93-0E0F-48AF-89C0-F33EFD85CB3F}"
EndProject
Project("{FAE04EC0-301F-11D3-BF4B-00C04F79EFBC}") = "RevAgent.Bridge.RealWorkerHost.Tests", "tests\RevAgent.Bridge.RealWorkerHost.Tests\RevAgent.Bridge.RealWorkerHost.Tests.csproj", "{420C5FF0-6A61-42B0-A7E9-DE21622EFE8B}"
EndProject
Project("{FAE04EC0-301F-11D3-BF4B-00C04F79EFBC}") = "RevAgent.Bridge.ReleaseSigner", "src\RevAgent.Bridge.ReleaseSigner\RevAgent.Bridge.ReleaseSigner.csproj", "{E6F164B4-B099-4A6B-91E5-08AB30B60038}"
EndProject
Project("{FAE04EC0-301F-11D3-BF4B-00C04F79EFBC}") = "RevAgent.Bridge.ReleaseSigner.Tests", "tests\RevAgent.Bridge.ReleaseSigner.Tests\RevAgent.Bridge.ReleaseSigner.Tests.csproj", "{12BCAEC1-3863-45A0-BB14-B7788DF75AF8}"
EndProject
Global
	GlobalSection(SolutionConfigurationPlatforms) = preSolution
		Debug|Any CPU = Debug|Any CPU
		Release|Any CPU = Release|Any CPU
	EndGlobalSection
	GlobalSection(ProjectConfigurationPlatforms) = postSolution
		{67C2197D-5091-4DB7-8367-F9D820EAE7F4}.Debug|Any CPU.ActiveCfg = Debug|Any CPU
		{67C2197D-5091-4DB7-8367-F9D820EAE7F4}.Debug|Any CPU.Build.0 = Debug|Any CPU
		{67C2197D-5091-4DB7-8367-F9D820EAE7F4}.Release|Any CPU.ActiveCfg = Release|Any CPU
		{67C2197D-5091-4DB7-8367-F9D820EAE7F4}.Release|Any CPU.Build.0 = Release|Any CPU
		{A4F80577-7A5C-4BEF-BBED-0F6C1332D918}.Debug|Any CPU.ActiveCfg = Debug|Any CPU
		{A4F80577-7A5C-4BEF-BBED-0F6C1332D918}.Debug|Any CPU.Build.0 = Debug|Any CPU
		{A4F80577-7A5C-4BEF-BBED-0F6C1332D918}.Release|Any CPU.ActiveCfg = Release|Any CPU
		{A4F80577-7A5C-4BEF-BBED-0F6C1332D918}.Release|Any CPU.Build.0 = Release|Any CPU
		{5C3470EF-A605-46B2-92E9-927F168E7F38}.Debug|Any CPU.ActiveCfg = Debug|Any CPU
		{5C3470EF-A605-46B2-92E9-927F168E7F38}.Debug|Any CPU.Build.0 = Debug|Any CPU
		{5C3470EF-A605-46B2-92E9-927F168E7F38}.Release|Any CPU.ActiveCfg = Release|Any CPU
		{5C3470EF-A605-46B2-92E9-927F168E7F38}.Release|Any CPU.Build.0 = Release|Any CPU
		{ED0B98D5-03ED-4031-9F75-5F002A964BB2}.Debug|Any CPU.ActiveCfg = Debug|Any CPU
		{ED0B98D5-03ED-4031-9F75-5F002A964BB2}.Debug|Any CPU.Build.0 = Debug|Any CPU
		{ED0B98D5-03ED-4031-9F75-5F002A964BB2}.Release|Any CPU.ActiveCfg = Release|Any CPU
		{ED0B98D5-03ED-4031-9F75-5F002A964BB2}.Release|Any CPU.Build.0 = Release|Any CPU
		{9C5A3310-602F-405F-82E4-FC8F77DC587A}.Debug|Any CPU.ActiveCfg = Debug|Any CPU
		{9C5A3310-602F-405F-82E4-FC8F77DC587A}.Debug|Any CPU.Build.0 = Debug|Any CPU
		{9C5A3310-602F-405F-82E4-FC8F77DC587A}.Release|Any CPU.ActiveCfg = Release|Any CPU
		{9C5A3310-602F-405F-82E4-FC8F77DC587A}.Release|Any CPU.Build.0 = Release|Any CPU
		{400970A8-AEC3-4D82-9D3A-C2B6B15F2671}.Debug|Any CPU.ActiveCfg = Debug|Any CPU
		{400970A8-AEC3-4D82-9D3A-C2B6B15F2671}.Debug|Any CPU.Build.0 = Debug|Any CPU
		{400970A8-AEC3-4D82-9D3A-C2B6B15F2671}.Release|Any CPU.ActiveCfg = Release|Any CPU
		{400970A8-AEC3-4D82-9D3A-C2B6B15F2671}.Release|Any CPU.Build.0 = Release|Any CPU
		{8C2DF0D1-F031-48EA-84FD-6A762FD625A9}.Debug|Any CPU.ActiveCfg = Debug|Any CPU
		{8C2DF0D1-F031-48EA-84FD-6A762FD625A9}.Debug|Any CPU.Build.0 = Debug|Any CPU
		{8C2DF0D1-F031-48EA-84FD-6A762FD625A9}.Release|Any CPU.ActiveCfg = Release|Any CPU
		{8C2DF0D1-F031-48EA-84FD-6A762FD625A9}.Release|Any CPU.Build.0 = Release|Any CPU
		{420C5FF0-6A61-42B0-A7E9-DE21622EFE8B}.Debug|Any CPU.ActiveCfg = Debug|Any CPU
		{420C5FF0-6A61-42B0-A7E9-DE21622EFE8B}.Debug|Any CPU.Build.0 = Debug|Any CPU
		{420C5FF0-6A61-42B0-A7E9-DE21622EFE8B}.Release|Any CPU.ActiveCfg = Release|Any CPU
		{420C5FF0-6A61-42B0-A7E9-DE21622EFE8B}.Release|Any CPU.Build.0 = Release|Any CPU
		{E6F164B4-B099-4A6B-91E5-08AB30B60038}.Debug|Any CPU.ActiveCfg = Debug|Any CPU
		{E6F164B4-B099-4A6B-91E5-08AB30B60038}.Debug|Any CPU.Build.0 = Debug|Any CPU
		{E6F164B4-B099-4A6B-91E5-08AB30B60038}.Release|Any CPU.ActiveCfg = Release|Any CPU
		{E6F164B4-B099-4A6B-91E5-08AB30B60038}.Release|Any CPU.Build.0 = Release|Any CPU
		{12BCAEC1-3863-45A0-BB14-B7788DF75AF8}.Debug|Any CPU.ActiveCfg = Debug|Any CPU
		{12BCAEC1-3863-45A0-BB14-B7788DF75AF8}.Debug|Any CPU.Build.0 = Debug|Any CPU
		{12BCAEC1-3863-45A0-BB14-B7788DF75AF8}.Release|Any CPU.ActiveCfg = Release|Any CPU
		{12BCAEC1-3863-45A0-BB14-B7788DF75AF8}.Release|Any CPU.Build.0 = Release|Any CPU
	EndGlobalSection
	GlobalSection(NestedProjects) = preSolution
		{420C5FF0-6A61-42B0-A7E9-DE21622EFE8B} = {56D93A93-0E0F-48AF-89C0-F33EFD85CB3F}
		{12BCAEC1-3863-45A0-BB14-B7788DF75AF8} = {56D93A93-0E0F-48AF-89C0-F33EFD85CB3F}
	EndGlobalSection
EndGlobal
